
Microsoft Visual Studio Solution File, Format Version 11.00
# Visual Studio 2010
Project("{FAE04EC0-301F-11D3-BF4B-00C04F79EFBC}") = "NoiseGPU", "NoiseGPU\NoiseGPU\NoiseGPU.csproj", "{82810157-E8FC-4698-B906-DBB441F6D33C}"
EndProject
Project("{96E2B04D-8817-42C6-938A-82C39BA4D311}") = "NoiseGPUContent", "NoiseGPU\NoiseGPUContent\NoiseGPUContent.contentproj", "{57D3F100-A670-4012-9B85-EF4D2C26678E}"
EndProject
Global
	GlobalSection(SolutionConfigurationPlatforms) = preSolution
		Debug|x86 = Debug|x86
		Release|x86 = Release|x86
	EndGlobalSection
	GlobalSection(ProjectConfigurationPlatforms) = postSolution
		{82810157-E8FC-4698-B906-DBB441F6D33C}.Debug|x86.ActiveCfg = Debug|x86
		{82810157-E8FC-4698-B906-DBB441F6D33C}.Debug|x86.Build.0 = Debug|x86
		{82810157-E8FC-4698-B906-DBB441F6D33C}.Release|x86.ActiveCfg = Release|x86
		{82810157-E8FC-4698-B906-DBB441F6D33C}.Release|x86.Build.0 = Release|x86
		{57D3F100-A670-4012-9B85-EF4D2C26678E}.Debug|x86.ActiveCfg = Debug|x86
		{57D3F100-A670-4012-9B85-EF4D2C26678E}.Release|x86.ActiveCfg = Release|x86
	EndGlobalSection
	GlobalSection(SolutionProperties) = preSolution
		HideSolutionNode = FALSE
	EndGlobalSection
EndGlobal
