
Microsoft Visual Studio Solution File, Format Version 10.00
# Visual Studio 2008
Project("{FAE04EC0-301F-11D3-BF4B-00C04F79EFBC}") = "Tutorial16_Refraction", "Tutorial16_Refraction\Tutorial16_Refraction.csproj", "{C0CF728C-1812-48ED-A139-87FDE428100E}"
EndProject
Global
	GlobalSection(SolutionConfigurationPlatforms) = preSolution
		Debug|x86 = Debug|x86
		Release|x86 = Release|x86
	EndGlobalSection
	GlobalSection(ProjectConfigurationPlatforms) = postSolution
		{C0CF728C-1812-48ED-A139-87FDE428100E}.Debug|x86.ActiveCfg = Debug|x86
		{C0CF728C-1812-48ED-A139-87FDE428100E}.Debug|x86.Build.0 = Debug|x86
		{C0CF728C-1812-48ED-A139-87FDE428100E}.Release|x86.ActiveCfg = Release|x86
		{C0CF728C-1812-48ED-A139-87FDE428100E}.Release|x86.Build.0 = Release|x86
		{53A412AE-7F61-4E52-BDE3-6C5A567804AE}.Debug|x86.ActiveCfg = Debug|x86
		{53A412AE-7F61-4E52-BDE3-6C5A567804AE}.Release|x86.ActiveCfg = Release|x86
	EndGlobalSection
	GlobalSection(SolutionProperties) = preSolution
		HideSolutionNode = FALSE
	EndGlobalSection
EndGlobal
